{
  "name": "ascenddev",
  "lockfileVersion": 3,
  "requires": true,
  "packages": {
    "": {
      "dependencies": {
        "@tabler/icons-react": "^3.35.0"
      },
      "devDependencies": {
        "@tanstack/react-query-devtools": "^5.89.0"
      }
    },
    "node_modules/@tabler/icons": {
      "version": "3.35.0",
      "resolved": "https://registry.npmjs.org/@tabler/icons/-/icons-3.35.0.tgz",
      "integrity": "sha512-yYXe+gJ56xlZFiXwV9zVoe3FWCGuZ/D7/G4ZIlDtGxSx5CGQK110wrnT29gUj52kEZoxqF7oURTk97GQxELOFQ==",
      "license": "MIT",
      "funding": {
        "type": "github",
        "url": "https://github.com/sponsors/codecalm"
      }
    },
    "node_modules/@tabler/icons-react": {
      "version": "3.35.0",
      "resolved": "https://registry.npmjs.org/@tabler/icons-react/-/icons-react-3.35.0.tgz",
      "integrity": "sha512-XG7t2DYf3DyHT5jxFNp5xyLVbL4hMJYJhiSdHADzAjLRYfL7AnjlRfiHDHeXxkb2N103rEIvTsBRazxXtAUz2g==",
      "license": "MIT",
      "dependencies": {
        "@tabler/icons": "3.35.0"
      },
      "funding": {
        "type": "github",
        "url": "https://github.com/sponsors/codecalm"
      },
      "peerDependencies": {
        "react": ">= 16"
      }
    },
    "node_modules/@tanstack/query-core": {
      "version": "5.89.0",
      "resolved": "https://registry.npmjs.org/@tanstack/query-core/-/query-core-5.89.0.tgz",
      "integrity": "sha512-joFV1MuPhSLsKfTzwjmPDrp8ENfZ9N23ymFu07nLfn3JCkSHy0CFgsyhHTJOmWaumC/WiNIKM0EJyduCF/Ih/Q==",
      "dev": true,
      "license": "MIT",
      "peer": true,
      "funding": {
        "type": "github",
        "url": "https://github.com/sponsors/tannerlinsley"
      }
    },
    "node_modules/@tanstack/query-devtools": {
      "version": "5.87.3",
      "resolved": "https://registry.npmjs.org/@tanstack/query-devtools/-/query-devtools-5.87.3.tgz",
      "integrity": "sha512-LkzxzSr2HS1ALHTgDmJH5eGAVsSQiuwz//VhFW5OqNk0OQ+Fsqba0Tsf+NzWRtXYvpgUqwQr4b2zdFZwxHcGvg==",
      "dev": true,
      "license": "MIT",
      "funding": {
        "type": "github",
        "url": "https://github.com/sponsors/tannerlinsley"
      }
    },
    "node_modules/@tanstack/react-query": {
      "version": "5.89.0",
      "resolved": "https://registry.npmjs.org/@tanstack/react-query/-/react-query-5.89.0.tgz",
      "integrity": "sha512-SXbtWSTSRXyBOe80mszPxpEbaN4XPRUp/i0EfQK1uyj3KCk/c8FuPJNIRwzOVe/OU3rzxrYtiNabsAmk1l714A==",
      "dev": true,
      "license": "MIT",
      "peer": true,
      "dependencies": {
        "@tanstack/query-core": "5.89.0"
      },
      "funding": {
        "type": "github",
        "url": "https://github.com/sponsors/tannerlinsley"
      },
      "peerDependencies": {
        "react": "^18 || ^19"
      }
    },
    "node_modules/@tanstack/react-query-devtools": {
      "version": "5.89.0",
      "resolved": "https://registry.npmjs.org/@tanstack/react-query-devtools/-/react-query-devtools-5.89.0.tgz",
      "integrity": "sha512-Syc4UjZeIJCkXCRGyQcWwlnv89JNb98MMg/DAkFCV3rwOcknj98+nG3Nm6xLXM6ne9sK6RZeDJMPLKZUh6NUGA==",
      "dev": true,
      "license": "MIT",
      "dependencies": {
        "@tanstack/query-devtools": "5.87.3"
      },
      "funding": {
        "type": "github",
        "url": "https://github.com/sponsors/tannerlinsley"
      },
      "peerDependencies": {
        "@tanstack/react-query": "^5.89.0",
        "react": "^18 || ^19"
      }
    },
    "node_modules/react": {
      "version": "19.1.1",
      "resolved": "https://registry.npmjs.org/react/-/react-19.1.1.tgz",
      "integrity": "sha512-w8nqGImo45dmMIfljjMwOGtbmC/mk4CMYhWIicdSflH91J9TyCyczcPFXJzrZ/ZXcgGRFeP6BU0BEJTw6tZdfQ==",
      "license": "MIT",
      "peer": true,
      "engines": {
        "node": ">=0.10.0"
      }
    }
  }
}
